# THIS IS AN AUTOGENERATED FILE. DO NOT EDIT THIS FILE DIRECTLY.
# yarn lockfile v1


"@xmpp/base64@^0.11.0":
  version "0.11.0"
  resolved "https://registry.yarnpkg.com/@xmpp/base64/-/base64-0.11.0.tgz#fd3158c947484ddd554c8d09bbd126b455a74010"
  integrity sha512-BPHndqM49t2h0+dIZm9F9WU/sxTCZjPOUYRSCsuNxDSBRxtP8dTbQc1jalq071EB1WF9uBAIv9kRcrpCF/Ym0w==
  dependencies:
    base-64 "^0.1.0"

"@xmpp/client-core@^0.11.0":
  version "0.11.0"
  resolved "https://registry.yarnpkg.com/@xmpp/client-core/-/client-core-0.11.0.tgz#b1b5a6e92177651b05e469e7aced4f1f658545c3"
  integrity sha512-tyQMQxHEBK/W5uobwaMg7mFWuAJhxUbXW9r8YASHOvhFT5fmON2D527X/yUESQHv2erEbYTpbapbVnr0Boex4w==
  dependencies:
    "@xmpp/connection" "^0.11.0"
    "@xmpp/jid" "^0.11.0"
    "@xmpp/xml" "^0.11.0"

"@xmpp/client@^0.11.1":
  version "0.11.1"
  resolved "https://registry.yarnpkg.com/@xmpp/client/-/client-0.11.1.tgz#4a2ca6737835ab7888a44a907d7464834d35eefe"
  integrity sha512-8tf2PKcC5vU2RsYiI1SKau/jaNzvsn+ltbRrfbsgQpyTsBOqkDRYGQEI1yKtzD6WQ8d3TE63YCm1NsZqFrC4eQ==
  dependencies:
    "@xmpp/client-core" "^0.11.0"
    "@xmpp/iq" "^0.11.0"
    "@xmpp/middleware" "^0.11.0"
    "@xmpp/reconnect" "^0.11.0"
    "@xmpp/resolve" "^0.11.0"
    "@xmpp/resource-binding" "^0.11.0"
    "@xmpp/sasl" "^0.11.0"
    "@xmpp/sasl-anonymous" "^0.11.0"
    "@xmpp/sasl-plain" "^0.11.0"
    "@xmpp/sasl-scram-sha-1" "^0.11.0"
    "@xmpp/session-establishment" "^0.11.0"
    "@xmpp/starttls" "^0.11.0"
    "@xmpp/stream-features" "^0.11.0"
    "@xmpp/stream-management" "^0.11.1"
    "@xmpp/tcp" "^0.11.0"
    "@xmpp/tls" "^0.11.0"
    "@xmpp/websocket" "^0.11.0"

"@xmpp/connection-tcp@^0.11.0":
  version "0.11.0"
  resolved "https://registry.yarnpkg.com/@xmpp/connection-tcp/-/connection-tcp-0.11.0.tgz#2a15a035a77df019de440cbedcf99a10cd526395"
  integrity sha512-O2MX5PvxasZYbf9PhkPG9o7T+kjI3TxZ6U0lc/t+aNfs+tNUN2k3bvX+T0RpmEgg4+qacAiBTt6V98oZF2LEsQ==
  dependencies:
    "@xmpp/connection" "^0.11.0"
    "@xmpp/xml" "^0.11.0"

"@xmpp/connection@^0.11.0":
  version "0.11.0"
  resolved "https://registry.yarnpkg.com/@xmpp/connection/-/connection-0.11.0.tgz#6fb49f7df9f499ba2f5d734a33daa8b115b465e5"
  integrity sha512-T2Cr3f36VMqxdRJOnxwJATK4KB1l54IAwQrRxuQKnWY9A8BH9cdKnuta8j/mxsnZyxX6qA07E3rVaQC+r8Am/A==
  dependencies:
    "@xmpp/error" "^0.11.0"
    "@xmpp/events" "^0.11.0"
    "@xmpp/jid" "^0.11.0"
    "@xmpp/xml" "^0.11.0"

"@xmpp/debug@^0.11.0":
  version "0.11.0"
  resolved "https://registry.yarnpkg.com/@xmpp/debug/-/debug-0.11.0.tgz#7d5cab1550d58d6ba8b38a64f637ed76a0c7bbb0"
  integrity sha512-QRCfYawpKFazz1M1RXSg9N0frTDeEkyVLaCPHl6Thwfnd0ywjmO4VLAO4knu/yAH1Njlw5xIAPtIFv4fDu80aA==
  dependencies:
    "@xmpp/xml" "^0.11.0"

"@xmpp/error@^0.11.0":
  version "0.11.0"
  resolved "https://registry.yarnpkg.com/@xmpp/error/-/error-0.11.0.tgz#de2544b31b06e1210e63a10ac20f31e5dbb24355"
  integrity sha512-U/zm6VoI50kbFQka95yHIeibjhh+VznH6Jv2tNomwS5SxTvjnisdHvP6SYqaml111cnseSPv/ajroc+o5GIu+A==

"@xmpp/events@^0.11.0":
  version "0.11.0"
  resolved "https://registry.yarnpkg.com/@xmpp/events/-/events-0.11.0.tgz#ad95ca101cd618acae60d51dba0da2fa907898d6"
  integrity sha512-zykyqHvZHvXnC9JDzl+g78YFzUNABZwzA8RZH6n7iUiTQS6qRwOKyQXdQ47AlT3orid2vU9Jaa7QppW9c4OJ5Q==
  dependencies:
    events "^3.1.0"

"@xmpp/id@^0.11.0":
  version "0.11.0"
  resolved "https://registry.yarnpkg.com/@xmpp/id/-/id-0.11.0.tgz#de89a3ace51a055f0158cfb8fef63b60d18d6ba8"
  integrity sha512-8eleVn6SKKChRCNCGHTEHSBLuEbEqPespf30QwkB8RC/3yMzWi3/5itfn4YySSF630ad1rxBHNdzObOkwtOjjw==

"@xmpp/iq@^0.11.0":
  version "0.11.0"
  resolved "https://registry.yarnpkg.com/@xmpp/iq/-/iq-0.11.0.tgz#c20551f6f174aa33ad8c93c57f9e875ce01440d8"
  integrity sha512-TsZoBGrs9Y+/9UKTsWeCKxIPca7vIGaAjfX+k3uKyPuTFEwiw38p1fKESR/nqXfWHfJqVgjJ4r6vqvMR9Qj6Yw==
  dependencies:
    "@xmpp/events" "^0.11.0"
    "@xmpp/id" "^0.11.0"
    "@xmpp/middleware" "^0.11.0"
    "@xmpp/xml" "^0.11.0"

"@xmpp/jid@^0.11.0":
  version "0.11.0"
  resolved "https://registry.yarnpkg.com/@xmpp/jid/-/jid-0.11.0.tgz#7e3b22dd98e929126b8730c13175f983e98f51b5"
  integrity sha512-4bQWU2Z7t7TqPX076PC5UscZ3V1CIXg/KjFQJ1z1xOfmEhEgz2gqYIR6lqiNlwrPCR9o1wmfQ+PBa/6u1NigcA==

"@xmpp/middleware@^0.11.0":
  version "0.11.0"
  resolved "https://registry.yarnpkg.com/@xmpp/middleware/-/middleware-0.11.0.tgz#77428cceeefac0608d787e00816645294a36d0fd"
  integrity sha512-y0rfM5LtKuDwNZ16dQcHdeWffuut6ooWkOnKapavDFa+VwVx4CV9cSX1hUnoHkhKyZGXS1uTo/J2iagN0KhASQ==
  dependencies:
    "@xmpp/error" "^0.11.0"
    "@xmpp/jid" "^0.11.0"
    "@xmpp/xml" "^0.11.0"
    koa-compose "^4.1.0"

"@xmpp/reconnect@^0.11.0":
  version "0.11.0"
  resolved "https://registry.yarnpkg.com/@xmpp/reconnect/-/reconnect-0.11.0.tgz#89b303ff072a171ceb9de0012e6e4a660f0789c3"
  integrity sha512-0d462Fjs3aG2rej5/P4gdKqjgK9hiKaK/29Cun7ZaciL0MJ/d8Lh8fzQMmzjw1mRJlaWiZkuJ8zi73wd1yFxng==
  dependencies:
    "@xmpp/events" "^0.11.0"

"@xmpp/resolve@^0.11.0":
  version "0.11.0"
  resolved "https://registry.yarnpkg.com/@xmpp/resolve/-/resolve-0.11.0.tgz#0d90c31264401acb36b551ce82d6e37bf76bcdd6"
  integrity sha512-zZolSgEgtQM/GX+NR3vh5lJ/BdWkUU5S7H47YHqr001iA1AdPZWBP2QRi1YiWR49nnuyW/7oLH91wFAp4Nx5sA==
  dependencies:
    "@xmpp/events" "^0.11.0"
    "@xmpp/xml" "^0.11.0"
    node-fetch "^2.6.0"

"@xmpp/resource-binding@^0.11.0":
  version "0.11.0"
  resolved "https://registry.yarnpkg.com/@xmpp/resource-binding/-/resource-binding-0.11.0.tgz#186e7a4bee5c54efae9d5632dfcc8cc7a15b332f"
  integrity sha512-7bIMiwwJ/rH7myM8n4ElwwqjrAXP6qtJCRuQDTs393cRUBd4zkIyT81HnvXzvTBvhSOwdzHDqBnxoT9VCj4J5Q==
  dependencies:
    "@xmpp/xml" "^0.11.0"

"@xmpp/sasl-anonymous@^0.11.0":
  version "0.11.0"
  resolved "https://registry.yarnpkg.com/@xmpp/sasl-anonymous/-/sasl-anonymous-0.11.0.tgz#c64f636ce6ff8ad4c7dfbb84ce63da67e8773679"
  integrity sha512-MyNJ1GJ5OPchI6cyEihPusfOKDtkZUOeYn8mVtH6WYHwYWD+LrnS3eBhGgAG7Yt20utDTTQvIHnUGSJ1fV+OLg==
  dependencies:
    sasl-anonymous "^0.1.0"

"@xmpp/sasl-plain@^0.11.0":
  version "0.11.0"
  resolved "https://registry.yarnpkg.com/@xmpp/sasl-plain/-/sasl-plain-0.11.0.tgz#0f62bf7f7c962ba0919357c6221940913fbf9fa4"
  integrity sha512-2Qxl0LB1Q3I+NWaUdTwwfsf3iYM0JmSlJDVSfQK1M81rFbj68RZhmiE6/GZn3IcmLUlRo+B/R5sFJTSXud7LHA==
  dependencies:
    sasl-plain "^0.1.0"

"@xmpp/sasl-scram-sha-1@^0.11.0":
  version "0.11.0"
  resolved "https://registry.yarnpkg.com/@xmpp/sasl-scram-sha-1/-/sasl-scram-sha-1-0.11.0.tgz#e12b2ae538095c83ae4fb85f09669dab4cf3a4d4"
  integrity sha512-bZmaZayrT7avkJkI4mmsbnFsjWbrUwu3DU+KlwNazdMGmgXiixqZCjH6TSx6VP45ixqk5R0EjRvpFU3PVw1eTg==
  dependencies:
    sasl-scram-sha-1 "^1.2.1"

"@xmpp/sasl@^0.11.0":
  version "0.11.0"
  resolved "https://registry.yarnpkg.com/@xmpp/sasl/-/sasl-0.11.0.tgz#f1a1b4f20882688005603c24a1f368b225062bff"
  integrity sha512-qfZyYm3C8RVSSVs4FCjC9dH0ZFKPOGrhNvMl1yOIuY0CbzVj/TOWT5v4X2olOU2dnWj//9F18vfC7RcCQDB3LQ==
  dependencies:
    "@xmpp/base64" "^0.11.0"
    "@xmpp/error" "^0.11.0"
    "@xmpp/xml" "^0.11.0"
    saslmechanisms "^0.1.1"

"@xmpp/session-establishment@^0.11.0":
  version "0.11.0"
  resolved "https://registry.yarnpkg.com/@xmpp/session-establishment/-/session-establishment-0.11.0.tgz#eb70e9a84f9e33af424034e3defe43fff8bbf002"
  integrity sha512-qPnkspEPIHeQOsfN0bEv321Xx3vTln8LWN5ltYJECdRHM7sdpjFZ8z362cRTJeYkb+O8DKKYNpFrCyeBi/bw3g==
  dependencies:
    "@xmpp/xml" "^0.11.0"

"@xmpp/starttls@^0.11.0":
  version "0.11.0"
  resolved "https://registry.yarnpkg.com/@xmpp/starttls/-/starttls-0.11.0.tgz#91d64891c1a49ff6bb06439608e625ccfd3637f7"
  integrity sha512-S0FAxq7CFlE5ZM4498PmBORKbyVSrPesIyu4drdQkkE3QlDgrPimssqMUUR1woZbxmG4ohb+hPfTgogHS1BurQ==
  dependencies:
    "@xmpp/events" "^0.11.0"
    "@xmpp/xml" "^0.11.0"

"@xmpp/stream-features@^0.11.0":
  version "0.11.0"
  resolved "https://registry.yarnpkg.com/@xmpp/stream-features/-/stream-features-0.11.0.tgz#51dc25e5aaf286d5d09331f3d17a261d459bc26a"
  integrity sha512-DWzdmPwbATtm+hTkyY3AHCIJgnHe0ffluMd0jfj8mYqpZOG5wS5E+0+kAYoZhGzS3jzXBZrX/na7RDs3i9nx3Q==

"@xmpp/stream-management@^0.11.1":
  version "0.11.1"
  resolved "https://registry.yarnpkg.com/@xmpp/stream-management/-/stream-management-0.11.1.tgz#7f8f0c5c764556ae2dee39944159a8ec842e580e"
  integrity sha512-U/cxiPduHWga8uKBvOPknLYQ0bUbLhmAaZi5dpzAC+FzFkP6zumJQvtC6sVl966kltm8TOCGF0JSRCEkHs2uRg==
  dependencies:
    "@xmpp/xml" "^0.11.0"

"@xmpp/tcp@^0.11.0":
  version "0.11.0"
  resolved "https://registry.yarnpkg.com/@xmpp/tcp/-/tcp-0.11.0.tgz#987b2950f506d1330b4e069b313fd0fca5d91e3e"
  integrity sha512-26pbx0Z6w4rF6Brb9yDhvXtczJl/S07HbMZpgpMdheczc6W/d9ypsplr5/rRM+4aZt1rOV1noJMdfRHl2qG3Jw==
  dependencies:
    "@xmpp/connection-tcp" "^0.11.0"

"@xmpp/tls@^0.11.0":
  version "0.11.0"
  resolved "https://registry.yarnpkg.com/@xmpp/tls/-/tls-0.11.0.tgz#bf8009e94c365403e1cbacfe78b6ed6ecaf20940"
  integrity sha512-WnkpR3/Rd5BqYrJslpvYZJNL0GXMQlOOgrusf9qnXVJ25GKVSy+pYfWf1jhxBDw9WzuCCH5hfSAzZ0biRkq4gQ==
  dependencies:
    "@xmpp/connection" "^0.11.0"
    "@xmpp/connection-tcp" "^0.11.0"

"@xmpp/websocket@^0.11.0":
  version "0.11.0"
  resolved "https://registry.yarnpkg.com/@xmpp/websocket/-/websocket-0.11.0.tgz#692bd90b4aa3e8c96233b5f4099bff5ae16d64f0"
  integrity sha512-2VY99uS6PEEJF/JLY3yC6AMmJPu1vTGLIzE38bDVNg3GslnYXxJyLfrrJs2QPr7i0ndYcCgoSL3cN6lep5LjsA==
  dependencies:
    "@xmpp/connection" "^0.11.0"
    "@xmpp/xml" "^0.11.0"
    ws "^7.2.1"

"@xmpp/xml@^0.11.0":
  version "0.11.0"
  resolved "https://registry.yarnpkg.com/@xmpp/xml/-/xml-0.11.0.tgz#7290c9f95b9f7951f0aaa765583a146995289339"
  integrity sha512-CV1BLV27VErZmf/dmjWn5YsgHl0+FDUkp5V1IJH3BXsqDjs6xOG5nH22l3FtloRlam7nAc4f6+9VduRedxNpeQ==
  dependencies:
    ltx "^2.9.2"

asynckit@^0.4.0:
  version "0.4.0"
  resolved "https://registry.yarnpkg.com/asynckit/-/asynckit-0.4.0.tgz#c79ed97f7f34cb8f2ba1bc9790bcc366474b4b79"
  integrity sha512-Oei9OH4tRh0YqU3GxhX79dM/mwVgvbZJaSNaRk+bshkj0S5cfHcgYakreBjrHwatXKbz+IoIdYLxrKim2MjW0Q==

axios@^1.6.0:
  version "1.6.0"
  resolved "https://registry.yarnpkg.com/axios/-/axios-1.6.0.tgz#f1e5292f26b2fd5c2e66876adc5b06cdbd7d2102"
  integrity sha512-EZ1DYihju9pwVB+jg67ogm+Tmqc6JmhamRN6I4Zt8DfZu5lbcQGw3ozH9lFejSJgs/ibaef3A9PMXPLeefFGJg==
  dependencies:
    follow-redirects "^1.15.0"
    form-data "^4.0.0"
    proxy-from-env "^1.1.0"

base-64@^0.1.0:
  version "0.1.0"
  resolved "https://registry.yarnpkg.com/base-64/-/base-64-0.1.0.tgz#780a99c84e7d600260361511c4877613bf24f6bb"
  integrity sha1-eAqZyE59YAJgNhURxId2E78k9rs=

bitwise-xor@0.0.0:
  version "0.0.0"
  resolved "https://registry.yarnpkg.com/bitwise-xor/-/bitwise-xor-0.0.0.tgz#040a8172b5bb8cc562b0b7119f230b2a1a780e3d"
  integrity sha1-BAqBcrW7jMVisLcRnyMLKhp4Dj0=

cipher-base@^1.0.1, cipher-base@^1.0.3:
  version "1.0.4"
  resolved "https://registry.yarnpkg.com/cipher-base/-/cipher-base-1.0.4.tgz#8760e4ecc272f4c363532f926d874aae2c1397de"
  integrity sha512-Kkht5ye6ZGmwv40uUDZztayT2ThLQGfnj/T71N/XzeZeo3nf8foyW7zGTsPYkEya3m5f3cAypH+qe7YOrM1U2Q==
  dependencies:
    inherits "^2.0.1"
    safe-buffer "^5.0.1"

combined-stream@^1.0.8:
  version "1.0.8"
  resolved "https://registry.yarnpkg.com/combined-stream/-/combined-stream-1.0.8.tgz#c3d45a8b34fd730631a110a8a2520682b31d5a7f"
  integrity sha512-FQN4MRfuJeHf7cBbBMJFXhKSDq+2kAArBlmRBvcvFE5BB1HZKXtSFASDhdlz9zOYwxh8lDdnvmMOe/+5cdoEdg==
  dependencies:
    delayed-stream "~1.0.0"

create-hash@^1.1.0:
  version "1.2.0"
  resolved "https://registry.yarnpkg.com/create-hash/-/create-hash-1.2.0.tgz#889078af11a63756bcfb59bd221996be3a9ef196"
  integrity sha512-z00bCGNHDG8mHAkP7CtT1qVu+bFQUPjYq/4Iv3C3kWjTFV10zIjfSoeqXo9Asws8gwSHDGj/hl2u4OGIjapeCg==
  dependencies:
    cipher-base "^1.0.1"
    inherits "^2.0.1"
    md5.js "^1.3.4"
    ripemd160 "^2.0.1"
    sha.js "^2.4.0"

create-hmac@^1.1.3:
  version "1.1.7"
  resolved "https://registry.yarnpkg.com/create-hmac/-/create-hmac-1.1.7.tgz#69170c78b3ab957147b2b8b04572e47ead2243ff"
  integrity sha512-MJG9liiZ+ogc4TzUwuvbER1JRdgvUFSB5+VR/g5h82fGaIRWMWddtKBHi7/sVhfjQZ6SehlyhvQYrcYkaUIpLg==
  dependencies:
    cipher-base "^1.0.3"
    create-hash "^1.1.0"
    inherits "^2.0.1"
    ripemd160 "^2.0.0"
    safe-buffer "^5.0.1"
    sha.js "^2.4.8"

delayed-stream@~1.0.0:
  version "1.0.0"
  resolved "https://registry.yarnpkg.com/delayed-stream/-/delayed-stream-1.0.0.tgz#df3ae199acadfb7d440aaae0b29e2272b24ec619"
  integrity sha512-ZySD7Nf91aLB0RxL4KGrKHBXl7Eds1DAmEdcoVawXnLD7SDhpNgtuII2aAkg7a7QS41jxPSZ17p4VdGnMHk3MQ==

events@^3.1.0:
  version "3.1.0"
  resolved "https://registry.yarnpkg.com/events/-/events-3.1.0.tgz#84279af1b34cb75aa88bf5ff291f6d0bd9b31a59"
  integrity sha512-Rv+u8MLHNOdMjTAFeT3nCjHn2aGlx435FP/sDHNaRhDEMwyI/aB22Kj2qIN8R0cw3z28psEQLYwxVKLsKrMgWg==

follow-redirects@^1.15.0:
  version "1.15.3"
  resolved "https://registry.yarnpkg.com/follow-redirects/-/follow-redirects-1.15.3.tgz#fe2f3ef2690afce7e82ed0b44db08165b207123a"
  integrity sha512-1VzOtuEM8pC9SFU1E+8KfTjZyMztRsgEfwQl44z8A25uy13jSzTj6dyK2Df52iV0vgHCfBwLhDWevLn95w5v6Q==

form-data@^4.0.0:
  version "4.0.0"
  resolved "https://registry.yarnpkg.com/form-data/-/form-data-4.0.0.tgz#93919daeaf361ee529584b9b31664dc12c9fa452"
  integrity sha512-ETEklSGi5t0QMZuiXoA/Q6vcnxcLQP5vdugSpuAyi6SVGi2clPPp+xgEhuMaHC+zGgn31Kd235W35f7Hykkaww==
  dependencies:
    asynckit "^0.4.0"
    combined-stream "^1.0.8"
    mime-types "^2.1.12"

hash-base@^3.0.0:
  version "3.0.4"
  resolved "https://registry.yarnpkg.com/hash-base/-/hash-base-3.0.4.tgz#5fc8686847ecd73499403319a6b0a3f3f6ae4918"
  integrity sha1-X8hoaEfs1zSZQDMZprCj8/auSRg=
  dependencies:
    inherits "^2.0.1"
    safe-buffer "^5.0.1"

inherits@^2.0.1, inherits@^2.0.4:
  version "2.0.4"
  resolved "https://registry.yarnpkg.com/inherits/-/inherits-2.0.4.tgz#0fa2c64f932917c3433a0ded55363aae37416b7c"
  integrity sha512-k/vGaX4/Yla3WzyMCvTQOXYeIHvqOKtnqBduzTHpzpQZzAskKMhZ2K+EnBiSM9zGSoIFeMpXKxa4dYeZIQqewQ==

koa-compose@^4.1.0:
  version "4.1.0"
  resolved "https://registry.yarnpkg.com/koa-compose/-/koa-compose-4.1.0.tgz#507306b9371901db41121c812e923d0d67d3e877"
  integrity sha512-8ODW8TrDuMYvXRwra/Kh7/rJo9BtOfPc6qO8eAfC80CnCvSjSl0bkRM24X6/XBBEyj0v1nRUQ1LyOy3dbqOWXw==

ltx@^2.9.2:
  version "2.9.2"
  resolved "https://registry.yarnpkg.com/ltx/-/ltx-2.9.2.tgz#222b28745142b71f66c566f20bb73648f82c0d86"
  integrity sha512-llB7HflFhlfsYYT1SAe80elCBO5C20ryLdwPB/A/BZk38hhVeZztDlWQ9uTyvKNPX4aK6sA+JfS1f/mfzp5cxA==
  dependencies:
    inherits "^2.0.4"

md5.js@^1.3.4:
  version "1.3.5"
  resolved "https://registry.yarnpkg.com/md5.js/-/md5.js-1.3.5.tgz#b5d07b8e3216e3e27cd728d72f70d1e6a342005f"
  integrity sha512-xitP+WxNPcTTOgnTJcrhM0xvdPepipPSf3I8EIpGKeFLjt3PlJLIDG3u8EX53ZIubkb+5U2+3rELYpEhHhzdkg==
  dependencies:
    hash-base "^3.0.0"
    inherits "^2.0.1"
    safe-buffer "^5.1.2"

mime-db@1.52.0:
  version "1.52.0"
  resolved "https://registry.yarnpkg.com/mime-db/-/mime-db-1.52.0.tgz#bbabcdc02859f4987301c856e3387ce5ec43bf70"
  integrity sha512-sPU4uV7dYlvtWJxwwxHD0PuihVNiE7TyAbQ5SWxDCB9mUYvOgroQOwYQQOKPJ8CIbE+1ETVlOoK1UC2nU3gYvg==

mime-types@^2.1.12:
  version "2.1.35"
  resolved "https://registry.yarnpkg.com/mime-types/-/mime-types-2.1.35.tgz#381a871b62a734450660ae3deee44813f70d959a"
  integrity sha512-ZDY+bPm5zTTF+YpCrAU9nK0UgICYPT0QtT1NZWFv4s++TNkcgVaT0g6+4R2uI4MjQjzysHB1zxuWL50hzaeXiw==
  dependencies:
    mime-db "1.52.0"

node-fetch@^2.6.0:
  version "2.6.0"
  resolved "https://registry.yarnpkg.com/node-fetch/-/node-fetch-2.6.0.tgz#e633456386d4aa55863f676a7ab0daa8fdecb0fd"
  integrity sha512-8dG4H5ujfvFiqDmVu9fQ5bOHUC15JMjMY/Zumv26oOvvVJjM67KF8koCWIabKQ1GJIa9r2mMZscBq/TbdOcmNA==

proxy-from-env@^1.1.0:
  version "1.1.0"
  resolved "https://registry.yarnpkg.com/proxy-from-env/-/proxy-from-env-1.1.0.tgz#e102f16ca355424865755d2c9e8ea4f24d58c3e2"
  integrity sha512-D+zkORCbA9f1tdWRK0RaCR3GPv50cMxcrz4X8k5LTSUD1Dkw47mKJEZQNunItRTkWwgtaUSo1RVFRIG9ZXiFYg==

randombytes@^2.0.1:
  version "2.1.0"
  resolved "https://registry.yarnpkg.com/randombytes/-/randombytes-2.1.0.tgz#df6f84372f0270dc65cdf6291349ab7a473d4f2a"
  integrity sha512-vYl3iOX+4CKUWuxGi9Ukhie6fsqXqS9FE2Zaic4tNFD2N2QQaXOMFbuKK4QmDHC0JO6B1Zp41J0LpT0oR68amQ==
  dependencies:
    safe-buffer "^5.1.0"

ripemd160@^2.0.0, ripemd160@^2.0.1:
  version "2.0.2"
  resolved "https://registry.yarnpkg.com/ripemd160/-/ripemd160-2.0.2.tgz#a1c1a6f624751577ba5d07914cbc92850585890c"
  integrity sha512-ii4iagi25WusVoiC4B4lq7pbXfAp3D9v5CwfkY33vffw2+pkDjY1D8GaN7spsxvCSx8dkPqOZCEZyfxcmJG2IA==
  dependencies:
    hash-base "^3.0.0"
    inherits "^2.0.1"

safe-buffer@^5.0.1, safe-buffer@^5.1.0, safe-buffer@^5.1.2:
  version "5.2.0"
  resolved "https://registry.yarnpkg.com/safe-buffer/-/safe-buffer-5.2.0.tgz#b74daec49b1148f88c64b68d49b1e815c1f2f519"
  integrity sha512-fZEwUGbVl7kouZs1jCdMLdt95hdIv0ZeHg6L7qPeciMZhZ+/gdesW4wgTARkrFWEpspjEATAzUGPG8N2jJiwbg==

sasl-anonymous@^0.1.0:
  version "0.1.0"
  resolved "https://registry.yarnpkg.com/sasl-anonymous/-/sasl-anonymous-0.1.0.tgz#f544c7e824df2a40d9ad4733829572cc8d9ed5a5"
  integrity sha1-9UTH6CTfKkDZrUczgpVyzI2e1aU=

sasl-plain@^0.1.0:
  version "0.1.0"
  resolved "https://registry.yarnpkg.com/sasl-plain/-/sasl-plain-0.1.0.tgz#cf145e7c02222b64d60c0806d9cd2ae5380426cc"
  integrity sha1-zxRefAIiK2TWDAgG2c0q5TgEJsw=

sasl-scram-sha-1@^1.2.1:
  version "1.2.1"
  resolved "https://registry.yarnpkg.com/sasl-scram-sha-1/-/sasl-scram-sha-1-1.2.1.tgz#d88d51feaa0ff320d8eb1d6fc75657653f9dcd4b"
  integrity sha1-2I1R/qoP8yDY6x1vx1ZXZT+dzUs=
  dependencies:
    bitwise-xor "0.0.0"
    create-hash "^1.1.0"
    create-hmac "^1.1.3"
    randombytes "^2.0.1"

saslmechanisms@^0.1.1:
  version "0.1.1"
  resolved "https://registry.yarnpkg.com/saslmechanisms/-/saslmechanisms-0.1.1.tgz#478be1429500fcfaa780be88b3343ced7d2a9182"
  integrity sha1-R4vhQpUA/PqngL6IszQ87X0qkYI=

sha.js@^2.4.0, sha.js@^2.4.8:
  version "2.4.11"
  resolved "https://registry.yarnpkg.com/sha.js/-/sha.js-2.4.11.tgz#37a5cf0b81ecbc6943de109ba2960d1b26584ae7"
  integrity sha512-QMEp5B7cftE7APOjk5Y6xgrbWu+WkLVQwk8JNjZ8nKRciZaByEW6MubieAiToS7+dwvrjGhH8jRXz3MVd0AYqQ==
  dependencies:
    inherits "^2.0.1"
    safe-buffer "^5.0.1"

ws@^7.2.1:
  version "7.2.5"
  resolved "https://registry.yarnpkg.com/ws/-/ws-7.2.5.tgz#abb1370d4626a5a9cd79d8de404aa18b3465d10d"
  integrity sha512-C34cIU4+DB2vMyAbmEKossWq2ZQDr6QEyuuCzWrM9zfw1sGc0mYiJ0UnG9zzNykt49C2Fi34hvr2vssFQRS6EA==
